// !$*UTF8*$!
{
	archiveVersion = 1;
	classes = {
	};
	objectVersion = 51;
	objects = {

/* Begin PBXBuildFile section */
		C7A043DE262F312700E7A0C3 /* AppDelegate.swift in Sources */ = {isa = PBXBuildFile; fileRef = C7A043DD262F312700E7A0C3 /* AppDelegate.swift */; };
		C7A043E2262F312700E7A0C3 /* ViewController.swift in Sources */ = {isa = PBXBuildFile; fileRef = C7A043E1262F312700E7A0C3 /* ViewController.swift */; };
		C7A043E7262F312900E7A0C3 /* Assets.xcassets in Resources */ = {isa = PBXBuildFile; fileRef = C7A043E6262F312900E7A0C3 /* Assets.xcassets */; };
		C7A043EA262F312900E7A0C3 /* LaunchScreen.storyboard in Resources */ = {isa = PBXBuildFile; fileRef = C7A043E8262F312900E7A0C3 /* LaunchScreen.storyboard */; };
		C7A0440A262F36D400E7A0C3 /* ChartData.swift in Sources */ = {isa = PBXBuildFile; fileRef = C7A04409262F36D400E7A0C3 /* ChartData.swift */; };
		C7A0440D262F37D800E7A0C3 /* UIColor+Extension.swift in Sources */ = {isa = PBXBuildFile; fileRef = C7A0440C262F37D800E7A0C3 /* UIColor+Extension.swift */; };
		EF62FF44EC7A5B160D0C6479 /* Pods_HalfPieChart.framework in Frameworks */ = {isa = PBXBuildFile; fileRef = 05536A3FD1E00809E82743B9 /* Pods_HalfPieChart.framework */; };
/* End PBXBuildFile section */

/* Begin PBXFileReference section */
		05536A3FD1E00809E82743B9 /* Pods_HalfPieChart.framework */ = {isa = PBXFileReference; explicitFileType = wrapper.framework; includeInIndex = 0; path = Pods_HalfPieChart.framework; sourceTree = BUILT_PRODUCTS_DIR; };
		3FB030D38379F5F4715F284B /* Pods-HalfPieChart.release.xcconfig */ = {isa = PBXFileReference; includeInIndex = 1; lastKnownFileType = text.xcconfig; name = "Pods-HalfPieChart.release.xcconfig"; path = "Target Support Files/Pods-HalfPieChart/Pods-HalfPieChart.release.xcconfig"; sourceTree = "<group>"; };
		908B1BE1386EEA975D9A4480 /* Pods-HalfPieChart.debug.xcconfig */ = {isa = PBXFileReference; includeInIndex = 1; lastKnownFileType = text.xcconfig; name = "Pods-HalfPieChart.debug.xcconfig"; path = "Target Support Files/Pods-HalfPieChart/Pods-HalfPieChart.debug.xcconfig"; sourceTree = "<group>"; };
		C7A043DA262F312700E7A0C3 /* HalfPieChart.app */ = {isa = PBXFileReference; explicitFileType = wrapper.application; includeInIndex = 0; path = HalfPieChart.app; sourceTree = BUILT_PRODUCTS_DIR; };
		C7A043DD262F312700E7A0C3 /* AppDelegate.swift */ = {isa = PBXFileReference; lastKnownFileType = sourcecode.swift; path = AppDelegate.swift; sourceTree = "<group>"; };
		C7A043E1262F312700E7A0C3 /* ViewController.swift */ = {isa = PBXFileReference; lastKnownFileType = sourcecode.swift; path = ViewController.swift; sourceTree = "<group>"; };
		C7A043E6262F312900E7A0C3 /* Assets.xcassets */ = {isa = PBXFileReference; lastKnownFileType = folder.assetcatalog; path = Assets.xcassets; sourceTree = "<group>"; };
		C7A043E9262F312900E7A0C3 /* Base */ = {isa = PBXFileReference; lastKnownFileType = file.storyboard; name = Base; path = Base.lproj/LaunchScreen.storyboard; sourceTree = "<group>"; };
		C7A043EB262F312900E7A0C3 /* Info.plist */ = {isa = PBXFileReference; lastKnownFileType = text.plist.xml; path = Info.plist; sourceTree = "<group>"; };
		C7A04409262F36D400E7A0C3 /* ChartData.swift */ = {isa = PBXFileReference; lastKnownFileType = sourcecode.swift; path = ChartData.swift; sourceTree = "<group>"; };
		C7A0440C262F37D800E7A0C3 /* UIColor+Extension.swift */ = {isa = PBXFileReference; lastKnownFileType = sourcecode.swift; path = "UIColor+Extension.swift"; sourceTree = "<group>"; };
/* End PBXFileReference section */

/* Begin PBXFrameworksBuildPhase section */
		C7A043D7262F312700E7A0C3 /* Frameworks */ = {
			isa = PBXFrameworksBuildPhase;
			buildActionMask = 2147483647;
			files = (
				EF62FF44EC7A5B160D0C6479 /* Pods_HalfPieChart.framework in Frameworks */,
			);
			runOnlyForDeploymentPostprocessing = 0;
		};
/* End PBXFrameworksBuildPhase section */

/* Begin PBXGroup section */
		421E5B11A8F4CC4CA3240998 /* Frameworks */ = {
			isa = PBXGroup;
			children = (
				05536A3FD1E00809E82743B9 /* Pods_HalfPieChart.framework */,
			);
			name = Frameworks;
			sourceTree = "<group>";
		};
		C7A043D1262F312700E7A0C3 = {
			isa = PBXGroup;
			children = (
				C7A043DC262F312700E7A0C3 /* HalfPieChart */,
				C7A043DB262F312700E7A0C3 /* Products */,
				D69248808F895816C987B81C /* Pods */,
				421E5B11A8F4CC4CA3240998 /* Frameworks */,
			);
			sourceTree = "<group>";
		};
		C7A043DB262F312700E7A0C3 /* Products */ = {
			isa = PBXGroup;
			children = (
				C7A043DA262F312700E7A0C3 /* HalfPieChart.app */,
			);
			name = Products;
			sourceTree = "<group>";
		};
		C7A043DC262F312700E7A0C3 /* HalfPieChart */ = {
			isa = PBXGroup;
			children = (
				C7A043DD262F312700E7A0C3 /* AppDelegate.swift */,
				C7A043E1262F312700E7A0C3 /* ViewController.swift */,
				C7A043E6262F312900E7A0C3 /* Assets.xcassets */,
				C7A043E8262F312900E7A0C3 /* LaunchScreen.storyboard */,
				C7A043EB262F312900E7A0C3 /* Info.plist */,
				C7A04409262F36D400E7A0C3 /* ChartData.swift */,
				C7A0440C262F37D800E7A0C3 /* UIColor+Extension.swift */,
			);
			path = HalfPieChart;
			sourceTree = "<group>";
		};
		D69248808F895816C987B81C /* Pods */ = {
			isa = PBXGroup;
			children = (
				908B1BE1386EEA975D9A4480 /* Pods-HalfPieChart.debug.xcconfig */,
				3FB030D38379F5F4715F284B /* Pods-HalfPieChart.release.xcconfig */,
			);
			path = Pods;
			sourceTree = "<group>";
		};
/* End PBXGroup section */

/* Begin PBXNativeTarget section */
		C7A043D9262F312700E7A0C3 /* HalfPieChart */ = {
			isa = PBXNativeTarget;
			buildConfigurationList = C7A043EE262F312900E7A0C3 /* Build configuration list for PBXNativeTarget "HalfPieChart" */;
			buildPhases = (
				A4F4953E7AFA49AA5E56A4C4 /* [CP] Check Pods Manifest.lock */,
				C7A043D6262F312700E7A0C3 /* Sources */,
				C7A043D7262F312700E7A0C3 /* Frameworks */,
				C7A043D8262F312700E7A0C3 /* Resources */,
				8F56F51755ED907A803D4F4D /* [CP] Embed Pods Frameworks */,
			);
			buildRules = (
			);
			dependencies = (
			);
			name = HalfPieChart;
			productName = HalfPieChart;
			productReference = C7A043DA262F312700E7A0C3 /* HalfPieChart.app */;
			productType = "com.apple.product-type.application";
		};
/* End PBXNativeTarget section */

/* Begin PBXProject section */
		C7A043D2262F312700E7A0C3 /* Project object */ = {
			isa = PBXProject;
			attributes = {
				LastSwiftUpdateCheck = 1240;
				LastUpgradeCheck = 1240;
				TargetAttributes = {
					C7A043D9262F312700E7A0C3 = {
						CreatedOnToolsVersion = 12.4;
					};
				};
			};
			buildConfigurationList = C7A043D5262F312700E7A0C3 /* Build configuration list for PBXProject "HalfPieChart" */;
			compatibilityVersion = "Xcode 9.3";
			developmentRegion = en;
			hasScannedForEncodings = 0;
			knownRegions = (
				en,
				Base,
			);
			mainGroup = C7A043D1262F312700E7A0C3;
			productRefGroup = C7A043DB262F312700E7A0C3 /* Products */;
			projectDirPath = "";
			projectRoot = "";
			targets = (
				C7A043D9262F312700E7A0C3 /* HalfPieChart */,
			);
		};
/* End PBXProject section */

/* Begin PBXResourcesBuildPhase section */
		C7A043D8262F312700E7A0C3 /* Resources */ = {
			isa = PBXResourcesBuildPhase;
			buildActionMask = 2147483647;
			files = (
				C7A043EA262F312900E7A0C3 /* LaunchScreen.storyboard in Resources */,
				C7A043E7262F312900E7A0C3 /* Assets.xcassets in Resources */,
			);
			runOnlyForDeploymentPostprocessing = 0;
		};
/* End PBXResourcesBuildPhase section */

/* Begin PBXShellScriptBuildPhase section */
		8F56F51755ED907A803D4F4D /* [CP] Embed Pods Frameworks */ = {
			isa = PBXShellScriptBuildPhase;
			buildActionMask = 2147483647;
			files = (
			);
			inputFileListPaths = (
				"${PODS_ROOT}/Target Support Files/Pods-HalfPieChart/Pods-HalfPieChart-frameworks-${CONFIGURATION}-input-files.xcfilelist",
			);
			name = "[CP] Embed Pods Frameworks";
			outputFileListPaths = (
				"${PODS_ROOT}/Target Support Files/Pods-HalfPieChart/Pods-HalfPieChart-frameworks-${CONFIGURATION}-output-files.xcfilelist",
			);
			runOnlyForDeploymentPostprocessing = 0;
			shellPath = /bin/sh;
			shellScript = "\"${PODS_ROOT}/Target Support Files/Pods-HalfPieChart/Pods-HalfPieChart-frameworks.sh\"\n";
			showEnvVarsInLog = 0;
		};
		A4F4953E7AFA49AA5E56A4C4 /* [CP] Check Pods Manifest.lock */ = {
			isa = PBXShellScriptBuildPhase;
			buildActionMask = 2147483647;
			files = (
			);
			inputFileListPaths = (
			);
			inputPaths = (
				"${PODS_PODFILE_DIR_PATH}/Podfile.lock",
				"${PODS_ROOT}/Manifest.lock",
			);
			name = "[CP] Check Pods Manifest.lock";
			outputFileListPaths = (
			);
			outputPaths = (
				"$(DERIVED_FILE_DIR)/Pods-HalfPieChart-checkManifestLockResult.txt",
			);
			runOnlyForDeploymentPostprocessing = 0;
			shellPath = /bin/sh;
			shellScript = "diff \"${PODS_PODFILE_DIR_PATH}/Podfile.lock\" \"${PODS_ROOT}/Manifest.lock\" > /dev/null\nif [ $? != 0 ] ; then\n    # print error to STDERR\n    echo \"error: The sandbox is not in sync with the Podfile.lock. Run 'pod install' or update your CocoaPods installation.\" >&2\n    exit 1\nfi\n# This output is used by Xcode 'outputs' to avoid re-running this script phase.\necho \"SUCCESS\" > \"${SCRIPT_OUTPUT_FILE_0}\"\n";
			showEnvVarsInLog = 0;
		};
/* End PBXShellScriptBuildPhase section */

/* Begin PBXSourcesBuildPhase section */
		C7A043D6262F312700E7A0C3 /* Sources */ = {
			isa = PBXSourcesBuildPhase;
			buildActionMask = 2147483647;
			files = (
				C7A043E2262F312700E7A0C3 /* ViewController.swift in Sources */,
				C7A0440A262F36D400E7A0C3 /* ChartData.swift in Sources */,
				C7A043DE262F312700E7A0C3 /* AppDelegate.swift in Sources */,
				C7A0440D262F37D800E7A0C3 /* UIColor+Extension.swift in Sources */,
			);
			runOnlyForDeploymentPostprocessing = 0;
		};
/* End PBXSourcesBuildPhase section */

/* Begin PBXVariantGroup section */
		C7A043E8262F312900E7A0C3 /* LaunchScreen.storyboard */ = {
			isa = PBXVariantGroup;
			children = (
				C7A043E9262F312900E7A0C3 /* Base */,
			);
			name = LaunchScreen.storyboard;
			sourceTree = "<group>";
		};
/* End PBXVariantGroup section */

/* Begin XCBuildConfiguration section */
		C7A043EC262F312900E7A0C3 /* Debug */ = {
			isa = XCBuildConfiguration;
			buildSettings = {
				ALWAYS_SEARCH_USER_PATHS = NO;
				CLANG_ANALYZER_NONNULL = YES;
				CLANG_ANALYZER_NUMBER_OBJECT_CONVERSION = YES_AGGRESSIVE;
				CLANG_CXX_LANGUAGE_STANDARD = "gnu++14";
				CLANG_CXX_LIBRARY = "libc++";
				CLANG_ENABLE_MODULES = YES;
				CLANG_ENABLE_OBJC_ARC = YES;
				CLANG_ENABLE_OBJC_WEAK = YES;
				CLANG_WARN_BLOCK_CAPTURE_AUTORELEASING = YES;
				CLANG_WARN_BOOL_CONVERSION = YES;
				CLANG_WARN_COMMA = YES;
				CLANG_WARN_CONSTANT_CONVERSION = YES;
				CLANG_WARN_DEPRECATED_OBJC_IMPLEMENTATIONS = YES;
				CLANG_WARN_DIRECT_OBJC_ISA_USAGE = YES_ERROR;
				CLANG_WARN_DOCUMENTATION_COMMENTS = YES;
				CLANG_WARN_EMPTY_BODY = YES;
				CLANG_WARN_ENUM_CONVERSION = YES;
				CLANG_WARN_INFINITE_RECURSION = YES;
				CLANG_WARN_INT_CONVERSION = YES;
				CLANG_WARN_NON_LITERAL_NULL_CONVERSION = YES;
				CLANG_WARN_OBJC_IMPLICIT_RETAIN_SELF = YES;
				CLANG_WARN_OBJC_LITERAL_CONVERSION = YES;
				CLANG_WARN_OBJC_ROOT_CLASS = YES_ERROR;
				CLANG_WARN_QUOTED_INCLUDE_IN_FRAMEWORK_HEADER = YES;
				CLANG_WARN_RANGE_LOOP_ANALYSIS = YES;
				CLANG_WARN_STRICT_PROTOTYPES = YES;
				CLANG_WARN_SUSPICIOUS_MOVE = YES;
				CLANG_WARN_UNGUARDED_AVAILABILITY = YES_AGGRESSIVE;
				CLANG_WARN_UNREACHABLE_CODE = YES;
				CLANG_WARN__DUPLICATE_METHOD_MATCH = YES;
				COPY_PHASE_STRIP = NO;
				DEBUG_INFORMATION_FORMAT = dwarf;
				ENABLE_STRICT_OBJC_MSGSEND = YES;
				ENABLE_TESTABILITY = YES;
				GCC_C_LANGUAGE_STANDARD = gnu11;
				GCC_DYNAMIC_NO_PIC = NO;
				GCC_NO_COMMON_BLOCKS = YES;
				GCC_OPTIMIZATION_LEVEL = 0;
				GCC_PREPROCESSOR_DEFINITIONS = (
					"DEBUG=1",
					"$(inherited)",
				);
				GCC_WARN_64_TO_32_BIT_CONVERSION = YES;
				GCC_WARN_ABOUT_RETURN_TYPE = YES_ERROR;
				GCC_WARN_UNDECLARED_SELECTOR = YES;
				GCC_WARN_UNINITIALIZED_AUTOS = YES_AGGRESSIVE;
				GCC_WARN_UNUSED_FUNCTION = YES;
				GCC_WARN_UNUSED_VARIABLE = YES;
				IPHONEOS_DEPLOYMENT_TARGET = 14.4;
				MTL_ENABLE_DEBUG_INFO = INCLUDE_SOURCE;
				MTL_FAST_MATH = YES;
				ONLY_ACTIVE_ARCH = YES;
				SDKROOT = iphoneos;
				SWIFT_ACTIVE_COMPILATION_CONDITIONS = DEBUG;
				SWIFT_OPTIMIZATION_LEVEL = "-Onone";
			};
			name = Debug;
		};
		C7A043ED262F312900E7A0C3 /* Release */ = {
			isa = XCBuildConfiguration;
			buildSettings = {
				ALWAYS_SEARCH_USER_PATHS = NO;
				CLANG_ANALYZER_NONNULL = YES;
				CLANG_ANALYZER_NUMBER_OBJECT_CONVERSION = YES_AGGRESSIVE;
				CLANG_CXX_LANGUAGE_STANDARD = "gnu++14";
				CLANG_CXX_LIBRARY = "libc++";
				CLANG_ENABLE_MODULES = YES;
				CLANG_ENABLE_OBJC_ARC = YES;
				CLANG_ENABLE_OBJC_WEAK = YES;
				CLANG_WARN_BLOCK_CAPTURE_AUTORELEASING = YES;
				CLANG_WARN_BOOL_CONVERSION = YES;
				CLANG_WARN_COMMA = YES;
				CLANG_WARN_CONSTANT_CONVERSION = YES;
				CLANG_WARN_DEPRECATED_OBJC_IMPLEMENTATIONS = YES;
				CLANG_WARN_DIRECT_OBJC_ISA_USAGE = YES_ERROR;
				CLANG_WARN_DOCUMENTATION_COMMENTS = YES;
				CLANG_WARN_EMPTY_BODY = YES;
				CLANG_WARN_ENUM_CONVERSION = YES;
				CLANG_WARN_INFINITE_RECURSION = YES;
				CLANG_WARN_INT_CONVERSION = YES;
				CLANG_WARN_NON_LITERAL_NULL_CONVERSION = YES;
				CLANG_WARN_OBJC_IMPLICIT_RETAIN_SELF = YES;
				CLANG_WARN_OBJC_LITERAL_CONVERSION = YES;
				CLANG_WARN_OBJC_ROOT_CLASS = YES_ERROR;
				CLANG_WARN_QUOTED_INCLUDE_IN_FRAMEWORK_HEADER = YES;
				CLANG_WARN_RANGE_LOOP_ANALYSIS = YES;
				CLANG_WARN_STRICT_PROTOTYPES = YES;
				CLANG_WARN_SUSPICIOUS_MOVE = YES;
				CLANG_WARN_UNGUARDED_AVAILABILITY = YES_AGGRESSIVE;
				CLANG_WARN_UNREACHABLE_CODE = YES;
				CLANG_WARN__DUPLICATE_METHOD_MATCH = YES;
				COPY_PHASE_STRIP = NO;
				DEBUG_INFORMATION_FORMAT = "dwarf-with-dsym";
				ENABLE_NS_ASSERTIONS = NO;
				ENABLE_STRICT_OBJC_MSGSEND = YES;
				GCC_C_LANGUAGE_STANDARD = gnu11;
				GCC_NO_COMMON_BLOCKS = YES;
				GCC_WARN_64_TO_32_BIT_CONVERSION = YES;
				GCC_WARN_ABOUT_RETURN_TYPE = YES_ERROR;
				GCC_WARN_UNDECLARED_SELECTOR = YES;
				GCC_WARN_UNINITIALIZED_AUTOS = YES_AGGRESSIVE;
				GCC_WARN_UNUSED_FUNCTION = YES;
				GCC_WARN_UNUSED_VARIABLE = YES;
				IPHONEOS_DEPLOYMENT_TARGET = 14.4;
				MTL_ENABLE_DEBUG_INFO = NO;
				MTL_FAST_MATH = YES;
				SDKROOT = iphoneos;
				SWIFT_COMPILATION_MODE = wholemodule;
				SWIFT_OPTIMIZATION_LEVEL = "-O";
				VALIDATE_PRODUCT = YES;
			};
			name = Release;
		};
		C7A043EF262F312900E7A0C3 /* Debug */ = {
			isa = XCBuildConfiguration;
			baseConfigurationReference = 908B1BE1386EEA975D9A4480 /* Pods-HalfPieChart.debug.xcconfig */;
			buildSettings = {
				ASSETCATALOG_COMPILER_APPICON_NAME = AppIcon;
				ASSETCATALOG_COMPILER_GLOBAL_ACCENT_COLOR_NAME = AccentColor;
				CODE_SIGN_STYLE = Manual;
				DEVELOPMENT_TEAM = "";
				INFOPLIST_FILE = HalfPieChart/Info.plist;
				IPHONEOS_DEPLOYMENT_TARGET = 13.0;
				LD_RUNPATH_SEARCH_PATHS = (
					"$(inherited)",
					"@executable_path/Frameworks",
				);
				PRODUCT_BUNDLE_IDENTIFIER = com.app.HalfPieChart;
				PRODUCT_NAME = "$(TARGET_NAME)";
				PROVISIONING_PROFILE_SPECIFIER = "";
				SWIFT_VERSION = 5.0;
				TARGETED_DEVICE_FAMILY = 1;
			};
			name = Debug;
		};
		C7A043F0262F312900E7A0C3 /* Release */ = {
			isa = XCBuildConfiguration;
			baseConfigurationReference = 3FB030D38379F5F4715F284B /* Pods-HalfPieChart.release.xcconfig */;
			buildSettings = {
				ASSETCATALOG_COMPILER_APPICON_NAME = AppIcon;
				ASSETCATALOG_COMPILER_GLOBAL_ACCENT_COLOR_NAME = AccentColor;
				CODE_SIGN_STYLE = Manual;
				DEVELOPMENT_TEAM = "";
				INFOPLIST_FILE = HalfPieChart/Info.plist;
				IPHONEOS_DEPLOYMENT_TARGET = 13.0;
				LD_RUNPATH_SEARCH_PATHS = (
					"$(inherited)",
					"@executable_path/Frameworks",
				);
				PRODUCT_BUNDLE_IDENTIFIER = com.app.HalfPieChart;
				PRODUCT_NAME = "$(TARGET_NAME)";
				PROVISIONING_PROFILE_SPECIFIER = "";
				SWIFT_VERSION = 5.0;
				TARGETED_DEVICE_FAMILY = 1;
			};
			name = Release;
		};
/* End XCBuildConfiguration section */

/* Begin XCConfigurationList section */
		C7A043D5262F312700E7A0C3 /* Build configuration list for PBXProject "HalfPieChart" */ = {
			isa = XCConfigurationList;
			buildConfigurations = (
				C7A043EC262F312900E7A0C3 /* Debug */,
				C7A043ED262F312900E7A0C3 /* Release */,
			);
			defaultConfigurationIsVisible = 0;
			defaultConfigurationName = Release;
		};
		C7A043EE262F312900E7A0C3 /* Build configuration list for PBXNativeTarget "HalfPieChart" */ = {
			isa = XCConfigurationList;
			buildConfigurations = (
				C7A043EF262F312900E7A0C3 /* Debug */,
				C7A043F0262F312900E7A0C3 /* Release */,
			);
			defaultConfigurationIsVisible = 0;
			defaultConfigurationName = Release;
		};
/* End XCConfigurationList section */
	};
	rootObject = C7A043D2262F312700E7A0C3 /* Project object */;
}
